// !$*UTF8*$!
{
	archiveVersion = 1;
	classes = {
	};
	objectVersion = 48;
	objects = {

/* Begin PBXBuildFile section */
		56002CF32019FEB400AFEA2C /* JXBlockInterop.m in Sources */ = {isa = PBXBuildFile; fileRef = 56002CF22019FEB400AFEA2C /* JXBlockInterop.m */; };
		56002CF5201A012A00AFEA2C /* JXAssociatedObjects.m in Sources */ = {isa = PBXBuildFile; fileRef = 56002CF4201A012A00AFEA2C /* JXAssociatedObjects.m */; };
		560C069C20541E1000CE992C /* JXTypeBasic.m in Sources */ = {isa = PBXBuildFile; fileRef = 560C069B20541E1000CE992C /* JXTypeBasic.m */; };
		560E02142066DC9000D73F28 /* JXArray.m in Sources */ = {isa = PBXBuildFile; fileRef = 560E02132066DC9000D73F28 /* JXArray.m */; };
		5616A8202018A5E7004DD204 /* libffi.a in Frameworks */ = {isa = PBXBuildFile; fileRef = 5616A81E2018A5C3004DD204 /* libffi.a */; };
		561BCE3A2053E6B5002165F4 /* JXType.m in Sources */ = {isa = PBXBuildFile; fileRef = 561BCE392053E6B5002165F4 /* JXType.m */; };
		56374B06205D07000068FDAB /* JXTypeDescription.m in Sources */ = {isa = PBXBuildFile; fileRef = 56374B05205D07000068FDAB /* JXTypeDescription.m */; };
		565B35ED1FE4203800A9EEA8 /* JXTrampInfo.m in Sources */ = {isa = PBXBuildFile; fileRef = 565B35E41FE4203700A9EEA8 /* JXTrampInfo.m */; };
		565B35EE1FE4203800A9EEA8 /* JXRuntimeInterface.m in Sources */ = {isa = PBXBuildFile; fileRef = 565B35E61FE4203700A9EEA8 /* JXRuntimeInterface.m */; };
		565B35EF1FE4203800A9EEA8 /* ObjectiveScript.m in Sources */ = {isa = PBXBuildFile; fileRef = 565B35E71FE4203700A9EEA8 /* ObjectiveScript.m */; };
		565B35F01FE4203800A9EEA8 /* JXJSInterop.m in Sources */ = {isa = PBXBuildFile; fileRef = 565B35E91FE4203800A9EEA8 /* JXJSInterop.m */; };
		565D299920568225003D7E83 /* JXTypeBitField.m in Sources */ = {isa = PBXBuildFile; fileRef = 565D299820568225003D7E83 /* JXTypeBitField.m */; };
		565D299C20568DFF003D7E83 /* JXTypeQualifiers.m in Sources */ = {isa = PBXBuildFile; fileRef = 565D299B20568DFF003D7E83 /* JXTypeQualifiers.m */; };
		56667B6F2019CB980032DFFF /* JXSymbol.m in Sources */ = {isa = PBXBuildFile; fileRef = 56667B6E2019CB980032DFFF /* JXSymbol.m */; };
		566F05DE204E99570088199B /* JXPointer.m in Sources */ = {isa = PBXBuildFile; fileRef = 566F05DD204E99570088199B /* JXPointer.m */; };
		5677DF5520550B8900891379 /* JXTypeID.m in Sources */ = {isa = PBXBuildFile; fileRef = 5677DF5420550B8900891379 /* JXTypeID.m */; };
		567830982010803E00298EDC /* JXStruct.m in Sources */ = {isa = PBXBuildFile; fileRef = 567830972010803E00298EDC /* JXStruct.m */; };
		56A149C01FE53CA0008B6BED /* ObjectiveScriptTests.m in Sources */ = {isa = PBXBuildFile; fileRef = 56A149BF1FE53CA0008B6BED /* ObjectiveScriptTests.m */; };
		56A149C21FE53CA0008B6BED /* libObjectiveScript.a in Frameworks */ = {isa = PBXBuildFile; fileRef = 565B35D81FE41EF500A9EEA8 /* libObjectiveScript.a */; };
		56AF99862055968200F58032 /* JXTypeComplex.m in Sources */ = {isa = PBXBuildFile; fileRef = 56AF99852055968200F58032 /* JXTypeComplex.m */; };
		56AF998920559A6700F58032 /* JXTypeUnion.m in Sources */ = {isa = PBXBuildFile; fileRef = 56AF998820559A6700F58032 /* JXTypeUnion.m */; };
		56B357932054399A00B73EBA /* JXTypeStruct.m in Sources */ = {isa = PBXBuildFile; fileRef = 56B357922054399A00B73EBA /* JXTypeStruct.m */; };
		56B35796205441C700B73EBA /* JXTypeArray.m in Sources */ = {isa = PBXBuildFile; fileRef = 56B35795205441C700B73EBA /* JXTypeArray.m */; };
		56B35799205445EB00B73EBA /* JXTypePointer.m in Sources */ = {isa = PBXBuildFile; fileRef = 56B35798205445EB00B73EBA /* JXTypePointer.m */; };
		56D558E11FE4252A00CF5720 /* ObjectiveScript.h in CopyFiles */ = {isa = PBXBuildFile; fileRef = 56D558E01FE4234A00CF5720 /* ObjectiveScript.h */; };
/* End PBXBuildFile section */

/* Begin PBXContainerItemProxy section */
		56A149C31FE53CA0008B6BED /* PBXContainerItemProxy */ = {
			isa = PBXContainerItemProxy;
			containerPortal = 565B35D01FE41EF500A9EEA8 /* Project object */;
			proxyType = 1;
			remoteGlobalIDString = 565B35D71FE41EF500A9EEA8;
			remoteInfo = ObjectiveScript;
		};
/* End PBXContainerItemProxy section */

/* Begin PBXCopyFilesBuildPhase section */
		565B35D61FE41EF500A9EEA8 /* CopyFiles */ = {
			isa = PBXCopyFilesBuildPhase;
			buildActionMask = 2147483647;
			dstPath = "include/$(PRODUCT_NAME)";
			dstSubfolderSpec = 16;
			files = (
				56D558E11FE4252A00CF5720 /* ObjectiveScript.h in CopyFiles */,
			);
			runOnlyForDeploymentPostprocessing = 0;
		};
/* End PBXCopyFilesBuildPhase section */

/* Begin PBXFileReference section */
		56002CF22019FEB400AFEA2C /* JXBlockInterop.m */ = {isa = PBXFileReference; lastKnownFileType = sourcecode.c.objc; path = JXBlockInterop.m; sourceTree = "<group>"; };
		56002CF4201A012A00AFEA2C /* JXAssociatedObjects.m */ = {isa = PBXFileReference; lastKnownFileType = sourcecode.c.objc; path = JXAssociatedObjects.m; sourceTree = "<group>"; };
		56002CF6201A013200AFEA2C /* JXAssociatedObjects.h */ = {isa = PBXFileReference; lastKnownFileType = sourcecode.c.h; path = JXAssociatedObjects.h; sourceTree = "<group>"; };
		560C069A20541E1000CE992C /* JXTypeBasic.h */ = {isa = PBXFileReference; lastKnownFileType = sourcecode.c.h; path = JXTypeBasic.h; sourceTree = "<group>"; };
		560C069B20541E1000CE992C /* JXTypeBasic.m */ = {isa = PBXFileReference; lastKnownFileType = sourcecode.c.objc; path = JXTypeBasic.m; sourceTree = "<group>"; };
		560E02122066DC9000D73F28 /* JXArray.h */ = {isa = PBXFileReference; lastKnownFileType = sourcecode.c.h; path = JXArray.h; sourceTree = "<group>"; };
		560E02132066DC9000D73F28 /* JXArray.m */ = {isa = PBXFileReference; lastKnownFileType = sourcecode.c.objc; path = JXArray.m; sourceTree = "<group>"; };
		5616A80E2018A5C3004DD204 /* ffi.h */ = {isa = PBXFileReference; lastKnownFileType = sourcecode.c.h; path = ffi.h; sourceTree = "<group>"; };
		5616A80F2018A5C3004DD204 /* fficonfig.h */ = {isa = PBXFileReference; lastKnownFileType = sourcecode.c.h; path = fficonfig.h; sourceTree = "<group>"; };
		5616A8102018A5C3004DD204 /* ffitarget.h */ = {isa = PBXFileReference; lastKnownFileType = sourcecode.c.h; path = ffitarget.h; sourceTree = "<group>"; };
		5616A8122018A5C3004DD204 /* ffi_arm64.h */ = {isa = PBXFileReference; lastKnownFileType = sourcecode.c.h; path = ffi_arm64.h; sourceTree = "<group>"; };
		5616A8132018A5C3004DD204 /* ffi_armv7.h */ = {isa = PBXFileReference; lastKnownFileType = sourcecode.c.h; path = ffi_armv7.h; sourceTree = "<group>"; };
		5616A8142018A5C3004DD204 /* ffi_i386.h */ = {isa = PBXFileReference; lastKnownFileType = sourcecode.c.h; path = ffi_i386.h; sourceTree = "<group>"; };
		5616A8152018A5C3004DD204 /* ffi_x86_64.h */ = {isa = PBXFileReference; lastKnownFileType = sourcecode.c.h; path = ffi_x86_64.h; sourceTree = "<group>"; };
		5616A8162018A5C3004DD204 /* fficonfig_arm64.h */ = {isa = PBXFileReference; lastKnownFileType = sourcecode.c.h; path = fficonfig_arm64.h; sourceTree = "<group>"; };
		5616A8172018A5C3004DD204 /* fficonfig_armv7.h */ = {isa = PBXFileReference; lastKnownFileType = sourcecode.c.h; path = fficonfig_armv7.h; sourceTree = "<group>"; };
		5616A8182018A5C3004DD204 /* fficonfig_i386.h */ = {isa = PBXFileReference; lastKnownFileType = sourcecode.c.h; path = fficonfig_i386.h; sourceTree = "<group>"; };
		5616A8192018A5C3004DD204 /* fficonfig_x86_64.h */ = {isa = PBXFileReference; lastKnownFileType = sourcecode.c.h; path = fficonfig_x86_64.h; sourceTree = "<group>"; };
		5616A81A2018A5C3004DD204 /* ffitarget_arm64.h */ = {isa = PBXFileReference; lastKnownFileType = sourcecode.c.h; path = ffitarget_arm64.h; sourceTree = "<group>"; };
		5616A81B2018A5C3004DD204 /* ffitarget_armv7.h */ = {isa = PBXFileReference; lastKnownFileType = sourcecode.c.h; path = ffitarget_armv7.h; sourceTree = "<group>"; };
		5616A81C2018A5C3004DD204 /* ffitarget_i386.h */ = {isa = PBXFileReference; lastKnownFileType = sourcecode.c.h; path = ffitarget_i386.h; sourceTree = "<group>"; };
		5616A81D2018A5C3004DD204 /* ffitarget_x86_64.h */ = {isa = PBXFileReference; lastKnownFileType = sourcecode.c.h; path = ffitarget_x86_64.h; sourceTree = "<group>"; };
		5616A81E2018A5C3004DD204 /* libffi.a */ = {isa = PBXFileReference; lastKnownFileType = archive.ar; path = libffi.a; sourceTree = "<group>"; };
		561ACF281FF3A1A100739CC6 /* JXBlockInterop.h */ = {isa = PBXFileReference; lastKnownFileType = sourcecode.c.h; path = JXBlockInterop.h; sourceTree = "<group>"; };
		561BCE382053E6B5002165F4 /* JXType.h */ = {isa = PBXFileReference; lastKnownFileType = sourcecode.c.h; path = JXType.h; sourceTree = "<group>"; };
		561BCE392053E6B5002165F4 /* JXType.m */ = {isa = PBXFileReference; lastKnownFileType = sourcecode.c.objc; path = JXType.m; sourceTree = "<group>"; };
		56374B04205D07000068FDAB /* JXTypeDescription.h */ = {isa = PBXFileReference; lastKnownFileType = sourcecode.c.h; path = JXTypeDescription.h; sourceTree = "<group>"; };
		56374B05205D07000068FDAB /* JXTypeDescription.m */ = {isa = PBXFileReference; lastKnownFileType = sourcecode.c.objc; path = JXTypeDescription.m; sourceTree = "<group>"; };
		564A5ED2200238640089C69C /* PrefixHeader.pch */ = {isa = PBXFileReference; lastKnownFileType = sourcecode.c.h; path = PrefixHeader.pch; sourceTree = "<group>"; };
		565B35D81FE41EF500A9EEA8 /* libObjectiveScript.a */ = {isa = PBXFileReference; explicitFileType = archive.ar; includeInIndex = 0; path = libObjectiveScript.a; sourceTree = BUILT_PRODUCTS_DIR; };
		565B35E41FE4203700A9EEA8 /* JXTrampInfo.m */ = {isa = PBXFileReference; lastKnownFileType = sourcecode.c.objc; path = JXTrampInfo.m; sourceTree = "<group>"; };
		565B35E61FE4203700A9EEA8 /* JXRuntimeInterface.m */ = {isa = PBXFileReference; lastKnownFileType = sourcecode.c.objc; path = JXRuntimeInterface.m; sourceTree = "<group>"; };
		565B35E71FE4203700A9EEA8 /* ObjectiveScript.m */ = {isa = PBXFileReference; lastKnownFileType = sourcecode.c.objc; path = ObjectiveScript.m; sourceTree = "<group>"; };
		565B35E81FE4203700A9EEA8 /* JXRuntimeInterface.h */ = {isa = PBXFileReference; lastKnownFileType = sourcecode.c.h; path = JXRuntimeInterface.h; sourceTree = "<group>"; };
		565B35E91FE4203800A9EEA8 /* JXJSInterop.m */ = {isa = PBXFileReference; lastKnownFileType = sourcecode.c.objc; path = JXJSInterop.m; sourceTree = "<group>"; };
		565B35EA1FE4203800A9EEA8 /* JXTrampInfo.h */ = {isa = PBXFileReference; lastKnownFileType = sourcecode.c.h; path = JXTrampInfo.h; sourceTree = "<group>"; };
		565B35EC1FE4203800A9EEA8 /* JXJSInterop.h */ = {isa = PBXFileReference; lastKnownFileType = sourcecode.c.h; path = JXJSInterop.h; sourceTree = "<group>"; };
		565D299720568225003D7E83 /* JXTypeBitField.h */ = {isa = PBXFileReference; lastKnownFileType = sourcecode.c.h; path = JXTypeBitField.h; sourceTree = "<group>"; };
		565D299820568225003D7E83 /* JXTypeBitField.m */ = {isa = PBXFileReference; lastKnownFileType = sourcecode.c.objc; path = JXTypeBitField.m; sourceTree = "<group>"; };
		565D299A20568DCC003D7E83 /* JXTypeQualifiers.h */ = {isa = PBXFileReference; lastKnownFileType = sourcecode.c.h; path = JXTypeQualifiers.h; sourceTree = "<group>"; };
		565D299B20568DFF003D7E83 /* JXTypeQualifiers.m */ = {isa = PBXFileReference; lastKnownFileType = sourcecode.c.objc; path = JXTypeQualifiers.m; sourceTree = "<group>"; };
		56667B6D2019CB980032DFFF /* JXSymbol.h */ = {isa = PBXFileReference; lastKnownFileType = sourcecode.c.h; path = JXSymbol.h; sourceTree = "<group>"; };
		56667B6E2019CB980032DFFF /* JXSymbol.m */ = {isa = PBXFileReference; lastKnownFileType = sourcecode.c.objc; path = JXSymbol.m; sourceTree = "<group>"; };
		566F05DC204E99570088199B /* JXPointer.h */ = {isa = PBXFileReference; lastKnownFileType = sourcecode.c.h; path = JXPointer.h; sourceTree = "<group>"; };
		566F05DD204E99570088199B /* JXPointer.m */ = {isa = PBXFileReference; lastKnownFileType = sourcecode.c.objc; path = JXPointer.m; sourceTree = "<group>"; };
		5677DF5320550B8900891379 /* JXTypeID.h */ = {isa = PBXFileReference; lastKnownFileType = sourcecode.c.h; path = JXTypeID.h; sourceTree = "<group>"; };
		5677DF5420550B8900891379 /* JXTypeID.m */ = {isa = PBXFileReference; lastKnownFileType = sourcecode.c.objc; path = JXTypeID.m; sourceTree = "<group>"; };
		567830962010803E00298EDC /* JXStruct.h */ = {isa = PBXFileReference; lastKnownFileType = sourcecode.c.h; path = JXStruct.h; sourceTree = "<group>"; };
		567830972010803E00298EDC /* JXStruct.m */ = {isa = PBXFileReference; lastKnownFileType = sourcecode.c.objc; path = JXStruct.m; sourceTree = "<group>"; };
		56A149BD1FE53CA0008B6BED /* ObjectiveScriptTests.xctest */ = {isa = PBXFileReference; explicitFileType = wrapper.cfbundle; includeInIndex = 0; path = ObjectiveScriptTests.xctest; sourceTree = BUILT_PRODUCTS_DIR; };
		56A149BF1FE53CA0008B6BED /* ObjectiveScriptTests.m */ = {isa = PBXFileReference; lastKnownFileType = sourcecode.c.objc; path = ObjectiveScriptTests.m; sourceTree = "<group>"; };
		56A149C11FE53CA0008B6BED /* Info.plist */ = {isa = PBXFileReference; lastKnownFileType = text.plist.xml; path = Info.plist; sourceTree = "<group>"; };
		56AF99842055968200F58032 /* JXTypeComplex.h */ = {isa = PBXFileReference; lastKnownFileType = sourcecode.c.h; path = JXTypeComplex.h; sourceTree = "<group>"; };
		56AF99852055968200F58032 /* JXTypeComplex.m */ = {isa = PBXFileReference; lastKnownFileType = sourcecode.c.objc; path = JXTypeComplex.m; sourceTree = "<group>"; };
		56AF998720559A6700F58032 /* JXTypeUnion.h */ = {isa = PBXFileReference; lastKnownFileType = sourcecode.c.h; path = JXTypeUnion.h; sourceTree = "<group>"; };
		56AF998820559A6700F58032 /* JXTypeUnion.m */ = {isa = PBXFileReference; lastKnownFileType = sourcecode.c.objc; path = JXTypeUnion.m; sourceTree = "<group>"; };
		56B357912054399A00B73EBA /* JXTypeStruct.h */ = {isa = PBXFileReference; lastKnownFileType = sourcecode.c.h; path = JXTypeStruct.h; sourceTree = "<group>"; };
		56B357922054399A00B73EBA /* JXTypeStruct.m */ = {isa = PBXFileReference; lastKnownFileType = sourcecode.c.objc; path = JXTypeStruct.m; sourceTree = "<group>"; };
		56B35794205441C700B73EBA /* JXTypeArray.h */ = {isa = PBXFileReference; lastKnownFileType = sourcecode.c.h; path = JXTypeArray.h; sourceTree = "<group>"; };
		56B35795205441C700B73EBA /* JXTypeArray.m */ = {isa = PBXFileReference; lastKnownFileType = sourcecode.c.objc; path = JXTypeArray.m; sourceTree = "<group>"; };
		56B35797205445EB00B73EBA /* JXTypePointer.h */ = {isa = PBXFileReference; lastKnownFileType = sourcecode.c.h; path = JXTypePointer.h; sourceTree = "<group>"; };
		56B35798205445EB00B73EBA /* JXTypePointer.m */ = {isa = PBXFileReference; lastKnownFileType = sourcecode.c.objc; path = JXTypePointer.m; sourceTree = "<group>"; };
		56D558E01FE4234A00CF5720 /* ObjectiveScript.h */ = {isa = PBXFileReference; lastKnownFileType = sourcecode.c.h; path = ObjectiveScript.h; sourceTree = "<group>"; };
		56F2C3A62062720C00ED4712 /* JXKVC.h */ = {isa = PBXFileReference; lastKnownFileType = sourcecode.c.h; path = JXKVC.h; sourceTree = "<group>"; };
/* End PBXFileReference section */

/* Begin PBXFrameworksBuildPhase section */
		565B35D51FE41EF500A9EEA8 /* Frameworks */ = {
			isa = PBXFrameworksBuildPhase;
			buildActionMask = 2147483647;
			files = (
				5616A8202018A5E7004DD204 /* libffi.a in Frameworks */,
			);
			runOnlyForDeploymentPostprocessing = 0;
		};
		56A149BA1FE53CA0008B6BED /* Frameworks */ = {
			isa = PBXFrameworksBuildPhase;
			buildActionMask = 2147483647;
			files = (
				56A149C21FE53CA0008B6BED /* libObjectiveScript.a in Frameworks */,
			);
			runOnlyForDeploymentPostprocessing = 0;
		};
/* End PBXFrameworksBuildPhase section */

/* Begin PBXGroup section */
		56002CEF2019FDBD00AFEA2C /* Model */ = {
			isa = PBXGroup;
			children = (
				565B35EA1FE4203800A9EEA8 /* JXTrampInfo.h */,
				565B35E41FE4203700A9EEA8 /* JXTrampInfo.m */,
				56F2C3A62062720C00ED4712 /* JXKVC.h */,
				567830962010803E00298EDC /* JXStruct.h */,
				567830972010803E00298EDC /* JXStruct.m */,
				56667B6D2019CB980032DFFF /* JXSymbol.h */,
				56667B6E2019CB980032DFFF /* JXSymbol.m */,
				566F05DC204E99570088199B /* JXPointer.h */,
				566F05DD204E99570088199B /* JXPointer.m */,
				560E02122066DC9000D73F28 /* JXArray.h */,
				560E02132066DC9000D73F28 /* JXArray.m */,
			);
			path = Model;
			sourceTree = "<group>";
		};
		56002CF02019FDD400AFEA2C /* Interop */ = {
			isa = PBXGroup;
			children = (
				561ACF281FF3A1A100739CC6 /* JXBlockInterop.h */,
				56002CF22019FEB400AFEA2C /* JXBlockInterop.m */,
				56002CF6201A013200AFEA2C /* JXAssociatedObjects.h */,
				56002CF4201A012A00AFEA2C /* JXAssociatedObjects.m */,
				565B35EC1FE4203800A9EEA8 /* JXJSInterop.h */,
				565B35E91FE4203800A9EEA8 /* JXJSInterop.m */,
				565B35E81FE4203700A9EEA8 /* JXRuntimeInterface.h */,
				565B35E61FE4203700A9EEA8 /* JXRuntimeInterface.m */,
			);
			path = Interop;
			sourceTree = "<group>";
		};
		5616A80B2018A5C3004DD204 /* vendored */ = {
			isa = PBXGroup;
			children = (
				5616A80C2018A5C3004DD204 /* libffi */,
			);
			path = vendored;
			sourceTree = "<group>";
		};
		5616A80C2018A5C3004DD204 /* libffi */ = {
			isa = PBXGroup;
			children = (
				5616A80D2018A5C3004DD204 /* darwin_common */,
				5616A8112018A5C3004DD204 /* darwin_ios */,
				5616A81E2018A5C3004DD204 /* libffi.a */,
			);
			path = libffi;
			sourceTree = "<group>";
		};
		5616A80D2018A5C3004DD204 /* darwin_common */ = {
			isa = PBXGroup;
			children = (
				5616A80E2018A5C3004DD204 /* ffi.h */,
				5616A80F2018A5C3004DD204 /* fficonfig.h */,
				5616A8102018A5C3004DD204 /* ffitarget.h */,
			);
			path = darwin_common;
			sourceTree = "<group>";
		};
		5616A8112018A5C3004DD204 /* darwin_ios */ = {
			isa = PBXGroup;
			children = (
				5616A8122018A5C3004DD204 /* ffi_arm64.h */,
				5616A8132018A5C3004DD204 /* ffi_armv7.h */,
				5616A8142018A5C3004DD204 /* ffi_i386.h */,
				5616A8152018A5C3004DD204 /* ffi_x86_64.h */,
				5616A8162018A5C3004DD204 /* fficonfig_arm64.h */,
				5616A8172018A5C3004DD204 /* fficonfig_armv7.h */,
				5616A8182018A5C3004DD204 /* fficonfig_i386.h */,
				5616A8192018A5C3004DD204 /* fficonfig_x86_64.h */,
				5616A81A2018A5C3004DD204 /* ffitarget_arm64.h */,
				5616A81B2018A5C3004DD204 /* ffitarget_armv7.h */,
				5616A81C2018A5C3004DD204 /* ffitarget_i386.h */,
				5616A81D2018A5C3004DD204 /* ffitarget_x86_64.h */,
			);
			path = darwin_ios;
			sourceTree = "<group>";
		};
		5616A81F2018A5E7004DD204 /* Frameworks */ = {
			isa = PBXGroup;
			children = (
			);
			name = Frameworks;
			sourceTree = "<group>";
		};
		561BCE372053E6A8002165F4 /* Type Parsing */ = {
			isa = PBXGroup;
			children = (
				561BCE382053E6B5002165F4 /* JXType.h */,
				561BCE392053E6B5002165F4 /* JXType.m */,
				560C069A20541E1000CE992C /* JXTypeBasic.h */,
				560C069B20541E1000CE992C /* JXTypeBasic.m */,
				5677DF5320550B8900891379 /* JXTypeID.h */,
				5677DF5420550B8900891379 /* JXTypeID.m */,
				565D299720568225003D7E83 /* JXTypeBitField.h */,
				565D299820568225003D7E83 /* JXTypeBitField.m */,
				56B35797205445EB00B73EBA /* JXTypePointer.h */,
				56B35798205445EB00B73EBA /* JXTypePointer.m */,
				56AF99842055968200F58032 /* JXTypeComplex.h */,
				56AF99852055968200F58032 /* JXTypeComplex.m */,
				56B357912054399A00B73EBA /* JXTypeStruct.h */,
				56B357922054399A00B73EBA /* JXTypeStruct.m */,
				56AF998720559A6700F58032 /* JXTypeUnion.h */,
				56AF998820559A6700F58032 /* JXTypeUnion.m */,
				56B35794205441C700B73EBA /* JXTypeArray.h */,
				56B35795205441C700B73EBA /* JXTypeArray.m */,
				56374B04205D07000068FDAB /* JXTypeDescription.h */,
				56374B05205D07000068FDAB /* JXTypeDescription.m */,
				565D299A20568DCC003D7E83 /* JXTypeQualifiers.h */,
				565D299B20568DFF003D7E83 /* JXTypeQualifiers.m */,
			);
			path = "Type Parsing";
			sourceTree = "<group>";
		};
		565B35CF1FE41EF500A9EEA8 = {
			isa = PBXGroup;
			children = (
				5616A80B2018A5C3004DD204 /* vendored */,
				565B35DA1FE41EF500A9EEA8 /* ObjectiveScript */,
				56A149BE1FE53CA0008B6BED /* ObjectiveScriptTests */,
				565B35D91FE41EF500A9EEA8 /* Products */,
				5616A81F2018A5E7004DD204 /* Frameworks */,
			);
			sourceTree = "<group>";
		};
		565B35D91FE41EF500A9EEA8 /* Products */ = {
			isa = PBXGroup;
			children = (
				565B35D81FE41EF500A9EEA8 /* libObjectiveScript.a */,
				56A149BD1FE53CA0008B6BED /* ObjectiveScriptTests.xctest */,
			);
			name = Products;
			sourceTree = "<group>";
		};
		565B35DA1FE41EF500A9EEA8 /* ObjectiveScript */ = {
			isa = PBXGroup;
			children = (
				561BCE372053E6A8002165F4 /* Type Parsing */,
				56002CEF2019FDBD00AFEA2C /* Model */,
				56002CF02019FDD400AFEA2C /* Interop */,
				56D558E01FE4234A00CF5720 /* ObjectiveScript.h */,
				565B35E71FE4203700A9EEA8 /* ObjectiveScript.m */,
				564A5ED2200238640089C69C /* PrefixHeader.pch */,
			);
			path = ObjectiveScript;
			sourceTree = "<group>";
		};
		56A149BE1FE53CA0008B6BED /* ObjectiveScriptTests */ = {
			isa = PBXGroup;
			children = (
				56A149BF1FE53CA0008B6BED /* ObjectiveScriptTests.m */,
				56A149C11FE53CA0008B6BED /* Info.plist */,
			);
			path = ObjectiveScriptTests;
			sourceTree = "<group>";
		};
/* End PBXGroup section */

/* Begin PBXNativeTarget section */
		565B35D71FE41EF500A9EEA8 /* ObjectiveScript */ = {
			isa = PBXNativeTarget;
			buildConfigurationList = 565B35E11FE41EF500A9EEA8 /* Build configuration list for PBXNativeTarget "ObjectiveScript" */;
			buildPhases = (
				565B35D41FE41EF500A9EEA8 /* Sources */,
				565B35D51FE41EF500A9EEA8 /* Frameworks */,
				565B35D61FE41EF500A9EEA8 /* CopyFiles */,
			);
			buildRules = (
			);
			dependencies = (
			);
			name = ObjectiveScript;
			productName = ObjectiveScript;
			productReference = 565B35D81FE41EF500A9EEA8 /* libObjectiveScript.a */;
			productType = "com.apple.product-type.library.static";
		};
		56A149BC1FE53CA0008B6BED /* ObjectiveScriptTests */ = {
			isa = PBXNativeTarget;
			buildConfigurationList = 56A149C51FE53CA0008B6BED /* Build configuration list for PBXNativeTarget "ObjectiveScriptTests" */;
			buildPhases = (
				56A149B91FE53CA0008B6BED /* Sources */,
				56A149BA1FE53CA0008B6BED /* Frameworks */,
				56A149BB1FE53CA0008B6BED /* Resources */,
			);
			buildRules = (
			);
			dependencies = (
				56A149C41FE53CA0008B6BED /* PBXTargetDependency */,
			);
			name = ObjectiveScriptTests;
			productName = ObjectiveScriptTests;
			productReference = 56A149BD1FE53CA0008B6BED /* ObjectiveScriptTests.xctest */;
			productType = "com.apple.product-type.bundle.unit-test";
		};
/* End PBXNativeTarget section */

/* Begin PBXProject section */
		565B35D01FE41EF500A9EEA8 /* Project object */ = {
			isa = PBXProject;
			attributes = {
				LastUpgradeCheck = 0930;
				ORGANIZATIONNAME = "Kabir Oberai";
				TargetAttributes = {
					565B35D71FE41EF500A9EEA8 = {
						CreatedOnToolsVersion = 9.2;
						ProvisioningStyle = Automatic;
					};
					56A149BC1FE53CA0008B6BED = {
						CreatedOnToolsVersion = 9.2;
						ProvisioningStyle = Automatic;
					};
				};
			};
			buildConfigurationList = 565B35D31FE41EF500A9EEA8 /* Build configuration list for PBXProject "ObjectiveScript" */;
			compatibilityVersion = "Xcode 8.0";
			developmentRegion = en;
			hasScannedForEncodings = 0;
			knownRegions = (
				en,
			);
			mainGroup = 565B35CF1FE41EF500A9EEA8;
			productRefGroup = 565B35D91FE41EF500A9EEA8 /* Products */;
			projectDirPath = "";
			projectRoot = "";
			targets = (
				565B35D71FE41EF500A9EEA8 /* ObjectiveScript */,
				56A149BC1FE53CA0008B6BED /* ObjectiveScriptTests */,
			);
		};
/* End PBXProject section */

/* Begin PBXResourcesBuildPhase section */
		56A149BB1FE53CA0008B6BED /* Resources */ = {
			isa = PBXResourcesBuildPhase;
			buildActionMask = 2147483647;
			files = (
			);
			runOnlyForDeploymentPostprocessing = 0;
		};
/* End PBXResourcesBuildPhase section */

/* Begin PBXSourcesBuildPhase section */
		565B35D41FE41EF500A9EEA8 /* Sources */ = {
			isa = PBXSourcesBuildPhase;
			buildActionMask = 2147483647;
			files = (
				565B35ED1FE4203800A9EEA8 /* JXTrampInfo.m in Sources */,
				56B35796205441C700B73EBA /* JXTypeArray.m in Sources */,
				56002CF32019FEB400AFEA2C /* JXBlockInterop.m in Sources */,
				56AF99862055968200F58032 /* JXTypeComplex.m in Sources */,
				56667B6F2019CB980032DFFF /* JXSymbol.m in Sources */,
				565B35EE1FE4203800A9EEA8 /* JXRuntimeInterface.m in Sources */,
				565D299C20568DFF003D7E83 /* JXTypeQualifiers.m in Sources */,
				565B35EF1FE4203800A9EEA8 /* ObjectiveScript.m in Sources */,
				5677DF5520550B8900891379 /* JXTypeID.m in Sources */,
				56AF998920559A6700F58032 /* JXTypeUnion.m in Sources */,
				565B35F01FE4203800A9EEA8 /* JXJSInterop.m in Sources */,
				565D299920568225003D7E83 /* JXTypeBitField.m in Sources */,
				567830982010803E00298EDC /* JXStruct.m in Sources */,
				56002CF5201A012A00AFEA2C /* JXAssociatedObjects.m in Sources */,
				560E02142066DC9000D73F28 /* JXArray.m in Sources */,
				56B357932054399A00B73EBA /* JXTypeStruct.m in Sources */,
				561BCE3A2053E6B5002165F4 /* JXType.m in Sources */,
				560C069C20541E1000CE992C /* JXTypeBasic.m in Sources */,
				56B35799205445EB00B73EBA /* JXTypePointer.m in Sources */,
				56374B06205D07000068FDAB /* JXTypeDescription.m in Sources */,
				566F05DE204E99570088199B /* JXPointer.m in Sources */,
			);
			runOnlyForDeploymentPostprocessing = 0;
		};
		56A149B91FE53CA0008B6BED /* Sources */ = {
			isa = PBXSourcesBuildPhase;
			buildActionMask = 2147483647;
			files = (
				56A149C01FE53CA0008B6BED /* ObjectiveScriptTests.m in Sources */,
			);
			runOnlyForDeploymentPostprocessing = 0;
		};
/* End PBXSourcesBuildPhase section */

/* Begin PBXTargetDependency section */
		56A149C41FE53CA0008B6BED /* PBXTargetDependency */ = {
			isa = PBXTargetDependency;
			target = 565B35D71FE41EF500A9EEA8 /* ObjectiveScript */;
			targetProxy = 56A149C31FE53CA0008B6BED /* PBXContainerItemProxy */;
		};
/* End PBXTargetDependency section */

/* Begin XCBuildConfiguration section */
		565B35DF1FE41EF500A9EEA8 /* Debug */ = {
			isa = XCBuildConfiguration;
			buildSettings = {
				ALWAYS_SEARCH_USER_PATHS = NO;
				CLANG_ANALYZER_NONNULL = YES;
				CLANG_ANALYZER_NUMBER_OBJECT_CONVERSION = YES_AGGRESSIVE;
				CLANG_CXX_LANGUAGE_STANDARD = "gnu++14";
				CLANG_CXX_LIBRARY = "libc++";
				CLANG_ENABLE_MODULES = YES;
				CLANG_ENABLE_OBJC_ARC = YES;
				CLANG_WARN_BLOCK_CAPTURE_AUTORELEASING = YES;
				CLANG_WARN_BOOL_CONVERSION = YES;
				CLANG_WARN_COMMA = YES;
				CLANG_WARN_CONSTANT_CONVERSION = YES;
				CLANG_WARN_DEPRECATED_OBJC_IMPLEMENTATIONS = YES;
				CLANG_WARN_DIRECT_OBJC_ISA_USAGE = YES_ERROR;
				CLANG_WARN_DOCUMENTATION_COMMENTS = YES;
				CLANG_WARN_EMPTY_BODY = YES;
				CLANG_WARN_ENUM_CONVERSION = YES;
				CLANG_WARN_INFINITE_RECURSION = YES;
				CLANG_WARN_INT_CONVERSION = YES;
				CLANG_WARN_NON_LITERAL_NULL_CONVERSION = YES;
				CLANG_WARN_OBJC_IMPLICIT_RETAIN_SELF = YES;
				CLANG_WARN_OBJC_LITERAL_CONVERSION = YES;
				CLANG_WARN_OBJC_ROOT_CLASS = YES_ERROR;
				CLANG_WARN_RANGE_LOOP_ANALYSIS = YES;
				CLANG_WARN_STRICT_PROTOTYPES = YES;
				CLANG_WARN_SUSPICIOUS_MOVE = YES;
				CLANG_WARN_UNGUARDED_AVAILABILITY = YES_AGGRESSIVE;
				CLANG_WARN_UNREACHABLE_CODE = YES;
				CLANG_WARN__DUPLICATE_METHOD_MATCH = YES;
				CODE_SIGN_IDENTITY = "iPhone Developer";
				COPY_PHASE_STRIP = NO;
				DEBUG_INFORMATION_FORMAT = dwarf;
				ENABLE_STRICT_OBJC_MSGSEND = YES;
				ENABLE_TESTABILITY = YES;
				GCC_C_LANGUAGE_STANDARD = gnu11;
				GCC_DYNAMIC_NO_PIC = NO;
				GCC_NO_COMMON_BLOCKS = YES;
				GCC_OPTIMIZATION_LEVEL = 0;
				GCC_PREFIX_HEADER = ObjectiveScript/PrefixHeader.pch;
				GCC_PREPROCESSOR_DEFINITIONS = (
					"DEBUG=1",
					"$(inherited)",
				);
				GCC_WARN_64_TO_32_BIT_CONVERSION = YES;
				GCC_WARN_ABOUT_RETURN_TYPE = YES_ERROR;
				GCC_WARN_UNDECLARED_SELECTOR = YES;
				GCC_WARN_UNINITIALIZED_AUTOS = YES_AGGRESSIVE;
				GCC_WARN_UNUSED_FUNCTION = YES;
				GCC_WARN_UNUSED_VARIABLE = YES;
				IPHONEOS_DEPLOYMENT_TARGET = 9.1;
				MTL_ENABLE_DEBUG_INFO = YES;
				ONLY_ACTIVE_ARCH = YES;
				SDKROOT = iphoneos;
			};
			name = Debug;
		};
		565B35E01FE41EF500A9EEA8 /* Release */ = {
			isa = XCBuildConfiguration;
			buildSettings = {
				ALWAYS_SEARCH_USER_PATHS = NO;
				CLANG_ANALYZER_NONNULL = YES;
				CLANG_ANALYZER_NUMBER_OBJECT_CONVERSION = YES_AGGRESSIVE;
				CLANG_CXX_LANGUAGE_STANDARD = "gnu++14";
				CLANG_CXX_LIBRARY = "libc++";
				CLANG_ENABLE_MODULES = YES;
				CLANG_ENABLE_OBJC_ARC = YES;
				CLANG_WARN_BLOCK_CAPTURE_AUTORELEASING = YES;
				CLANG_WARN_BOOL_CONVERSION = YES;
				CLANG_WARN_COMMA = YES;
				CLANG_WARN_CONSTANT_CONVERSION = YES;
				CLANG_WARN_DEPRECATED_OBJC_IMPLEMENTATIONS = YES;
				CLANG_WARN_DIRECT_OBJC_ISA_USAGE = YES_ERROR;
				CLANG_WARN_DOCUMENTATION_COMMENTS = YES;
				CLANG_WARN_EMPTY_BODY = YES;
				CLANG_WARN_ENUM_CONVERSION = YES;
				CLANG_WARN_INFINITE_RECURSION = YES;
				CLANG_WARN_INT_CONVERSION = YES;
				CLANG_WARN_NON_LITERAL_NULL_CONVERSION = YES;
				CLANG_WARN_OBJC_IMPLICIT_RETAIN_SELF = YES;
				CLANG_WARN_OBJC_LITERAL_CONVERSION = YES;
				CLANG_WARN_OBJC_ROOT_CLASS = YES_ERROR;
				CLANG_WARN_RANGE_LOOP_ANALYSIS = YES;
				CLANG_WARN_STRICT_PROTOTYPES = YES;
				CLANG_WARN_SUSPICIOUS_MOVE = YES;
				CLANG_WARN_UNGUARDED_AVAILABILITY = YES_AGGRESSIVE;
				CLANG_WARN_UNREACHABLE_CODE = YES;
				CLANG_WARN__DUPLICATE_METHOD_MATCH = YES;
				CODE_SIGN_IDENTITY = "iPhone Developer";
				COPY_PHASE_STRIP = NO;
				DEBUG_INFORMATION_FORMAT = "dwarf-with-dsym";
				ENABLE_NS_ASSERTIONS = NO;
				ENABLE_STRICT_OBJC_MSGSEND = YES;
				GCC_C_LANGUAGE_STANDARD = gnu11;
				GCC_NO_COMMON_BLOCKS = YES;
				GCC_PREFIX_HEADER = ObjectiveScript/PrefixHeader.pch;
				GCC_WARN_64_TO_32_BIT_CONVERSION = YES;
				GCC_WARN_ABOUT_RETURN_TYPE = YES_ERROR;
				GCC_WARN_UNDECLARED_SELECTOR = YES;
				GCC_WARN_UNINITIALIZED_AUTOS = YES_AGGRESSIVE;
				GCC_WARN_UNUSED_FUNCTION = YES;
				GCC_WARN_UNUSED_VARIABLE = YES;
				IPHONEOS_DEPLOYMENT_TARGET = 9.1;
				MTL_ENABLE_DEBUG_INFO = NO;
				SDKROOT = iphoneos;
				VALIDATE_PRODUCT = YES;
			};
			name = Release;
		};
		565B35E21FE41EF500A9EEA8 /* Debug */ = {
			isa = XCBuildConfiguration;
			buildSettings = {
				CODE_SIGN_STYLE = Automatic;
				DEVELOPMENT_TEAM = 4AXYTEF44D;
				HEADER_SEARCH_PATHS = "$(SRCROOT)/vendored/**";
				LIBRARY_SEARCH_PATHS = (
					"$(inherited)",
					"$(PROJECT_DIR)/ObjectiveScript",
					"$(PROJECT_DIR)/vendored/libffi",
				);
				ONLY_ACTIVE_ARCH = NO;
				OTHER_LDFLAGS = "-ObjC";
				PRODUCT_NAME = "$(TARGET_NAME)";
				SKIP_INSTALL = YES;
				SUPPORTED_PLATFORMS = iphoneos;
				TARGETED_DEVICE_FAMILY = "1,2";
			};
			name = Debug;
		};
		565B35E31FE41EF500A9EEA8 /* Release */ = {
			isa = XCBuildConfiguration;
			buildSettings = {
				CODE_SIGN_STYLE = Automatic;
				DEVELOPMENT_TEAM = 4AXYTEF44D;
				HEADER_SEARCH_PATHS = "$(SRCROOT)/vendored/**";
				LIBRARY_SEARCH_PATHS = (
					"$(inherited)",
					"$(PROJECT_DIR)/ObjectiveScript",
					"$(PROJECT_DIR)/vendored/libffi",
				);
				OTHER_LDFLAGS = "-ObjC";
				PRODUCT_NAME = "$(TARGET_NAME)";
				SKIP_INSTALL = YES;
				SUPPORTED_PLATFORMS = iphoneos;
				TARGETED_DEVICE_FAMILY = "1,2";
			};
			name = Release;
		};
		56A149C61FE53CA0008B6BED /* Debug */ = {
			isa = XCBuildConfiguration;
			buildSettings = {
				CODE_SIGN_STYLE = Automatic;
				DEVELOPMENT_TEAM = 4AXYTEF44D;
				GCC_PREPROCESSOR_DEFINITIONS = (
					"TEST=1",
					"DEBUG=1",
					"$(inherited)",
				);
				HEADER_SEARCH_PATHS = "$(SRCROOT)/vendored/**";
				INFOPLIST_FILE = ObjectiveScriptTests/Info.plist;
				IPHONEOS_DEPLOYMENT_TARGET = 11.2;
				LD_RUNPATH_SEARCH_PATHS = "$(inherited) @executable_path/Frameworks @loader_path/Frameworks";
				PRODUCT_BUNDLE_IDENTIFIER = com.kabiroberai.ObjectiveScriptTests;
				PRODUCT_NAME = "$(TARGET_NAME)";
				TARGETED_DEVICE_FAMILY = "1,2";
			};
			name = Debug;
		};
		56A149C71FE53CA0008B6BED /* Release */ = {
			isa = XCBuildConfiguration;
			buildSettings = {
				CODE_SIGN_STYLE = Automatic;
				DEVELOPMENT_TEAM = 4AXYTEF44D;
				HEADER_SEARCH_PATHS = "$(SRCROOT)/vendored/**";
				INFOPLIST_FILE = ObjectiveScriptTests/Info.plist;
				IPHONEOS_DEPLOYMENT_TARGET = 11.2;
				LD_RUNPATH_SEARCH_PATHS = "$(inherited) @executable_path/Frameworks @loader_path/Frameworks";
				PRODUCT_BUNDLE_IDENTIFIER = com.kabiroberai.ObjectiveScriptTests;
				PRODUCT_NAME = "$(TARGET_NAME)";
				TARGETED_DEVICE_FAMILY = "1,2";
			};
			name = Release;
		};
		56E2096020C7E87B0078269A /* Testing */ = {
			isa = XCBuildConfiguration;
			buildSettings = {
				ALWAYS_SEARCH_USER_PATHS = NO;
				CLANG_ANALYZER_NONNULL = YES;
				CLANG_ANALYZER_NUMBER_OBJECT_CONVERSION = YES_AGGRESSIVE;
				CLANG_CXX_LANGUAGE_STANDARD = "gnu++14";
				CLANG_CXX_LIBRARY = "libc++";
				CLANG_ENABLE_MODULES = YES;
				CLANG_ENABLE_OBJC_ARC = YES;
				CLANG_WARN_BLOCK_CAPTURE_AUTORELEASING = YES;
				CLANG_WARN_BOOL_CONVERSION = YES;
				CLANG_WARN_COMMA = YES;
				CLANG_WARN_CONSTANT_CONVERSION = YES;
				CLANG_WARN_DEPRECATED_OBJC_IMPLEMENTATIONS = YES;
				CLANG_WARN_DIRECT_OBJC_ISA_USAGE = YES_ERROR;
				CLANG_WARN_DOCUMENTATION_COMMENTS = YES;
				CLANG_WARN_EMPTY_BODY = YES;
				CLANG_WARN_ENUM_CONVERSION = YES;
				CLANG_WARN_INFINITE_RECURSION = YES;
				CLANG_WARN_INT_CONVERSION = YES;
				CLANG_WARN_NON_LITERAL_NULL_CONVERSION = YES;
				CLANG_WARN_OBJC_IMPLICIT_RETAIN_SELF = YES;
				CLANG_WARN_OBJC_LITERAL_CONVERSION = YES;
				CLANG_WARN_OBJC_ROOT_CLASS = YES_ERROR;
				CLANG_WARN_RANGE_LOOP_ANALYSIS = YES;
				CLANG_WARN_STRICT_PROTOTYPES = YES;
				CLANG_WARN_SUSPICIOUS_MOVE = YES;
				CLANG_WARN_UNGUARDED_AVAILABILITY = YES_AGGRESSIVE;
				CLANG_WARN_UNREACHABLE_CODE = YES;
				CLANG_WARN__DUPLICATE_METHOD_MATCH = YES;
				CODE_SIGN_IDENTITY = "iPhone Developer";
				COPY_PHASE_STRIP = NO;
				DEBUG_INFORMATION_FORMAT = dwarf;
				ENABLE_STRICT_OBJC_MSGSEND = YES;
				ENABLE_TESTABILITY = YES;
				GCC_C_LANGUAGE_STANDARD = gnu11;
				GCC_DYNAMIC_NO_PIC = NO;
				GCC_NO_COMMON_BLOCKS = YES;
				GCC_OPTIMIZATION_LEVEL = 0;
				GCC_PREFIX_HEADER = ObjectiveScript/PrefixHeader.pch;
				GCC_PREPROCESSOR_DEFINITIONS = (
					"DEBUG=1",
					"$(inherited)",
				);
				GCC_WARN_64_TO_32_BIT_CONVERSION = YES;
				GCC_WARN_ABOUT_RETURN_TYPE = YES_ERROR;
				GCC_WARN_UNDECLARED_SELECTOR = YES;
				GCC_WARN_UNINITIALIZED_AUTOS = YES_AGGRESSIVE;
				GCC_WARN_UNUSED_FUNCTION = YES;
				GCC_WARN_UNUSED_VARIABLE = YES;
				IPHONEOS_DEPLOYMENT_TARGET = 9.1;
				MTL_ENABLE_DEBUG_INFO = YES;
				ONLY_ACTIVE_ARCH = YES;
				SDKROOT = iphoneos;
			};
			name = Testing;
		};
		56E2096120C7E87B0078269A /* Testing */ = {
			isa = XCBuildConfiguration;
			buildSettings = {
				ARCHS = (
					x86_64,
					arm64,
					armv7,
				);
				CODE_SIGN_STYLE = Automatic;
				DEVELOPMENT_TEAM = 4AXYTEF44D;
				HEADER_SEARCH_PATHS = "$(SRCROOT)/vendored/**";
				LIBRARY_SEARCH_PATHS = (
					"$(inherited)",
					"$(PROJECT_DIR)/ObjectiveScript",
					"$(PROJECT_DIR)/vendored/libffi",
				);
				OTHER_LDFLAGS = "-ObjC";
				PRODUCT_NAME = "$(TARGET_NAME)";
				SKIP_INSTALL = YES;
				TARGETED_DEVICE_FAMILY = "1,2";
			};
			name = Testing;
		};
		56E2096220C7E87B0078269A /* Testing */ = {
			isa = XCBuildConfiguration;
			buildSettings = {
				CODE_SIGN_STYLE = Automatic;
				DEVELOPMENT_TEAM = 4AXYTEF44D;
				GCC_PREPROCESSOR_DEFINITIONS = (
					"TEST=1",
					"DEBUG=1",
					"$(inherited)",
				);
				HEADER_SEARCH_PATHS = "$(SRCROOT)/vendored/**";
				INFOPLIST_FILE = ObjectiveScriptTests/Info.plist;
				IPHONEOS_DEPLOYMENT_TARGET = 11.2;
				LD_RUNPATH_SEARCH_PATHS = "$(inherited) @executable_path/Frameworks @loader_path/Frameworks";
				PRODUCT_BUNDLE_IDENTIFIER = com.kabiroberai.ObjectiveScriptTests;
				PRODUCT_NAME = "$(TARGET_NAME)";
				TARGETED_DEVICE_FAMILY = "1,2";
			};
			name = Testing;
		};
/* End XCBuildConfiguration section */

/* Begin XCConfigurationList section */
		565B35D31FE41EF500A9EEA8 /* Build configuration list for PBXProject "ObjectiveScript" */ = {
			isa = XCConfigurationList;
			buildConfigurations = (
				565B35DF1FE41EF500A9EEA8 /* Debug */,
				56E2096020C7E87B0078269A /* Testing */,
				565B35E01FE41EF500A9EEA8 /* Release */,
			);
			defaultConfigurationIsVisible = 0;
			defaultConfigurationName = Release;
		};
		565B35E11FE41EF500A9EEA8 /* Build configuration list for PBXNativeTarget "ObjectiveScript" */ = {
			isa = XCConfigurationList;
			buildConfigurations = (
				565B35E21FE41EF500A9EEA8 /* Debug */,
				56E2096120C7E87B0078269A /* Testing */,
				565B35E31FE41EF500A9EEA8 /* Release */,
			);
			defaultConfigurationIsVisible = 0;
			defaultConfigurationName = Release;
		};
		56A149C51FE53CA0008B6BED /* Build configuration list for PBXNativeTarget "ObjectiveScriptTests" */ = {
			isa = XCConfigurationList;
			buildConfigurations = (
				56A149C61FE53CA0008B6BED /* Debug */,
				56E2096220C7E87B0078269A /* Testing */,
				56A149C71FE53CA0008B6BED /* Release */,
			);
			defaultConfigurationIsVisible = 0;
			defaultConfigurationName = Release;
		};
/* End XCConfigurationList section */
	};
	rootObject = 565B35D01FE41EF500A9EEA8 /* Project object */;
}
